
Microsoft Visual Studio Solution File, Format Version 12.00
# Visual Studio Version 17
VisualStudioVersion = 17.8.35230.98
MinimumVisualStudioVersion = 10.0.40219.1
Project("{FAE04EC0-301F-11D3-BF4B-00C04F79EFBC}") = "GitCodede_AI", "GitCodede_AI\GitCodede_AI.csproj", "{C489A692-BF24-45F0-A0CF-DAB5B3AEA347}"
EndProject
Global
	GlobalSection(SolutionConfigurationPlatforms) = preSolution
		Debug|Any CPU = Debug|Any CPU
		Release|Any CPU = Release|Any CPU
	EndGlobalSection
	GlobalSection(ProjectConfigurationPlatforms) = postSolution
		{C489A692-BF24-45F0-A0CF-DAB5B3AEA347}.Debug|Any CPU.ActiveCfg = Debug|Any CPU
		{C489A692-BF24-45F0-A0CF-DAB5B3AEA347}.Debug|Any CPU.Build.0 = Debug|Any CPU
		{C489A692-BF24-45F0-A0CF-DAB5B3AEA347}.Release|Any CPU.ActiveCfg = Release|Any CPU
		{C489A692-BF24-45F0-A0CF-DAB5B3AEA347}.Release|Any CPU.Build.0 = Release|Any CPU
	EndGlobalSection
	GlobalSection(SolutionProperties) = preSolution
		HideSolutionNode = FALSE
	EndGlobalSection
	GlobalSection(ExtensibilityGlobals) = postSolution
		SolutionGuid = {2561B0A4-FABB-4EBC-BA08-8F65AE210957}
	EndGlobalSection
EndGlobal
